
Microsoft Visual Studio Solution File, Format Version 12.00
# Visual Studio 14
VisualStudioVersion = 14.0.23107.0
MinimumVisualStudioVersion = 10.0.40219.1
Project("{FAE04EC0-301F-11D3-BF4B-00C04F79EFBC}") = "App", "App\App.csproj", "{9E988266-C916-4116-B6D2-CF02E51DBE23}"
EndProject
Project("{2150E333-8FDC-42A3-9474-1A3956D46DE8}") = "App", "App", "{9BB302CC-ABD4-4CC7-A624-10E155671EBD}"
EndProject
Project("{FAE04EC0-301F-11D3-BF4B-00C04F79EFBC}") = "Common", "Common\Common.csproj", "{55350BD1-BE27-4E4B-A2AD-03BAD112EC4F}"
EndProject
Project("{2150E333-8FDC-42A3-9474-1A3956D46DE8}") = "Common", "Common", "{95D4D686-263B-411A-B7FE-0746CB6FED54}"
EndProject
Project("{FAE04EC0-301F-11D3-BF4B-00C04F79EFBC}") = "Core", "Core\Core.csproj", "{615C26EF-1658-4789-80DE-CAEC090D07B8}"
EndProject
Project("{2150E333-8FDC-42A3-9474-1A3956D46DE8}") = "Core", "Core", "{A2263165-1928-49A0-9BF7-F8C44CE70E4C}"
EndProject
Project("{FAE04EC0-301F-11D3-BF4B-00C04F79EFBC}") = "Data", "Data\Data.csproj", "{AE9421C1-17CE-4A80-9038-EF690C4D1A7E}"
EndProject
Global
	GlobalSection(SolutionConfigurationPlatforms) = preSolution
		Debug|Any CPU = Debug|Any CPU
		Release|Any CPU = Release|Any CPU
	EndGlobalSection
	GlobalSection(ProjectConfigurationPlatforms) = postSolution
		{9E988266-C916-4116-B6D2-CF02E51DBE23}.Debug|Any CPU.ActiveCfg = Debug|Any CPU
		{9E988266-C916-4116-B6D2-CF02E51DBE23}.Debug|Any CPU.Build.0 = Debug|Any CPU
		{9E988266-C916-4116-B6D2-CF02E51DBE23}.Release|Any CPU.ActiveCfg = Release|Any CPU
		{9E988266-C916-4116-B6D2-CF02E51DBE23}.Release|Any CPU.Build.0 = Release|Any CPU
		{55350BD1-BE27-4E4B-A2AD-03BAD112EC4F}.Debug|Any CPU.ActiveCfg = Debug|Any CPU
		{55350BD1-BE27-4E4B-A2AD-03BAD112EC4F}.Debug|Any CPU.Build.0 = Debug|Any CPU
		{55350BD1-BE27-4E4B-A2AD-03BAD112EC4F}.Release|Any CPU.ActiveCfg = Release|Any CPU
		{55350BD1-BE27-4E4B-A2AD-03BAD112EC4F}.Release|Any CPU.Build.0 = Release|Any CPU
		{615C26EF-1658-4789-80DE-CAEC090D07B8}.Debug|Any CPU.ActiveCfg = Debug|Any CPU
		{615C26EF-1658-4789-80DE-CAEC090D07B8}.Debug|Any CPU.Build.0 = Debug|Any CPU
		{615C26EF-1658-4789-80DE-CAEC090D07B8}.Release|Any CPU.ActiveCfg = Release|Any CPU
		{615C26EF-1658-4789-80DE-CAEC090D07B8}.Release|Any CPU.Build.0 = Release|Any CPU
		{AE9421C1-17CE-4A80-9038-EF690C4D1A7E}.Debug|Any CPU.ActiveCfg = Debug|Any CPU
		{AE9421C1-17CE-4A80-9038-EF690C4D1A7E}.Debug|Any CPU.Build.0 = Debug|Any CPU
		{AE9421C1-17CE-4A80-9038-EF690C4D1A7E}.Release|Any CPU.ActiveCfg = Release|Any CPU
		{AE9421C1-17CE-4A80-9038-EF690C4D1A7E}.Release|Any CPU.Build.0 = Release|Any CPU
	EndGlobalSection
	GlobalSection(SolutionProperties) = preSolution
		HideSolutionNode = FALSE
	EndGlobalSection
	GlobalSection(NestedProjects) = preSolution
		{9E988266-C916-4116-B6D2-CF02E51DBE23} = {9BB302CC-ABD4-4CC7-A624-10E155671EBD}
		{55350BD1-BE27-4E4B-A2AD-03BAD112EC4F} = {95D4D686-263B-411A-B7FE-0746CB6FED54}
		{615C26EF-1658-4789-80DE-CAEC090D07B8} = {A2263165-1928-49A0-9BF7-F8C44CE70E4C}
		{AE9421C1-17CE-4A80-9038-EF690C4D1A7E} = {95D4D686-263B-411A-B7FE-0746CB6FED54}
	EndGlobalSection
EndGlobal
